
Microsoft Visual Studio Solution File, Format Version 12.00
# Visual Studio Version 17
VisualStudioVersion = 17.13.35919.96 d17.13
MinimumVisualStudioVersion = 10.0.40219.1
Project("{FAE04EC0-301F-11D3-BF4B-00C04F79EFBC}") = "DotNetCoreTesting", "DotNetCoreTesting\DotNetCoreTesting.csproj", "{09C0877C-B91E-4886-B6A0-29C189193775}"
EndProject
Global
	GlobalSection(SolutionConfigurationPlatforms) = preSolution
		Debug|Any CPU = Debug|Any CPU
		Release|Any CPU = Release|Any CPU
	EndGlobalSection
	GlobalSection(ProjectConfigurationPlatforms) = postSolution
		{09C0877C-B91E-4886-B6A0-29C189193775}.Debug|Any CPU.ActiveCfg = Debug|Any CPU
		{09C0877C-B91E-4886-B6A0-29C189193775}.Debug|Any CPU.Build.0 = Debug|Any CPU
		{09C0877C-B91E-4886-B6A0-29C189193775}.Release|Any CPU.ActiveCfg = Release|Any CPU
		{09C0877C-B91E-4886-B6A0-29C189193775}.Release|Any CPU.Build.0 = Release|Any CPU
	EndGlobalSection
	GlobalSection(SolutionProperties) = preSolution
		HideSolutionNode = FALSE
	EndGlobalSection
	GlobalSection(ExtensibilityGlobals) = postSolution
		SolutionGuid = {0ECD7D38-F902-46C2-B10C-20D6847792D4}
	EndGlobalSection
EndGlobal
